// !$*UTF8*$!
{
	archiveVersion = 1;
	classes = {
	};
	objectVersion = 55;
	objects = {

/* Begin PBXBuildFile section */
		5C74A068E7F6180F4E881881 /* TransactionListInteractor.swift in Sources */ = {isa = PBXBuildFile; fileRef = 5C74AFCAA4B895A79C7CDB86 /* TransactionListInteractor.swift */; };
		5C74A06D95890CD7952EE481 /* View+extensions.swift in Sources */ = {isa = PBXBuildFile; fileRef = 5C74A65C879BD4A4E359B143 /* View+extensions.swift */; };
		5C74A3156DF9A84A154CFF0A /* Typealiases.swift in Sources */ = {isa = PBXBuildFile; fileRef = 5C74A9EA18EC90531E569596 /* Typealiases.swift */; };
		5C74A3A89C74CF340820D46C /* TransactionListItemViewModel.swift in Sources */ = {isa = PBXBuildFile; fileRef = 5C74A12C8017DA76FECD697F /* TransactionListItemViewModel.swift */; };
		5C74A40C5B7683EA69652798 /* TransactionListItemView.swift in Sources */ = {isa = PBXBuildFile; fileRef = 5C74AAD83EDB293931D80D47 /* TransactionListItemView.swift */; };
		5C74A4CBD3B0DDC84A5011C7 /* GetTransactions.swift in Sources */ = {isa = PBXBuildFile; fileRef = 5C74AADA7C6CE746FA233321 /* GetTransactions.swift */; };
		5C74A5DBB74AAE7B25553085 /* GetAddressInfo.swift in Sources */ = {isa = PBXBuildFile; fileRef = 5C74A8652D9D44807C32E7F8 /* GetAddressInfo.swift */; };
		5C74A6215EE966E893AAFEFC /* MessageViewModel.swift in Sources */ = {isa = PBXBuildFile; fileRef = 5C74AA3B0A87374F68F382E1 /* MessageViewModel.swift */; };
		5C74A624E6D1316FAD9A8240 /* APIHeadersPlugin.swift in Sources */ = {isa = PBXBuildFile; fileRef = 5C74A46DAF5181E14E97CC62 /* APIHeadersPlugin.swift */; };
		5C74A672EA7B5AB0BD25E2FC /* TransactionDetailsView.swift in Sources */ = {isa = PBXBuildFile; fileRef = 5C74A709933C46294E9AE63A /* TransactionDetailsView.swift */; };
		5C74A6DEEA4890118DD530FA /* MessageView.swift in Sources */ = {isa = PBXBuildFile; fileRef = 5C74AD03E5A6BBDEC3A69648 /* MessageView.swift */; };
		5C74A79958426B6A104DCA1C /* TransactionsListView.swift in Sources */ = {isa = PBXBuildFile; fileRef = 5C74A728269B29F2AF6012E0 /* TransactionsListView.swift */; };
		5C74A8D90D1C048396C02EB5 /* TransactionListPresenter.swift in Sources */ = {isa = PBXBuildFile; fileRef = 5C74A8CFCFE68A4B78E93250 /* TransactionListPresenter.swift */; };
		5C74A8EEF25CEF70D7C78F5F /* TransactionDetailsViewModel.swift in Sources */ = {isa = PBXBuildFile; fileRef = 5C74A97F0EA22209DEE24AAB /* TransactionDetailsViewModel.swift */; };
		5C74AB50B7B934A77F7E960F /* APIService.swift in Sources */ = {isa = PBXBuildFile; fileRef = 5C74A7569EF9DC1E2AA0325E /* APIService.swift */; };
		5C74ACA21CDBC39299FC0F22 /* Fonts+swiftui.swift in Sources */ = {isa = PBXBuildFile; fileRef = 5C74AE58760E0A91BAE65AB9 /* Fonts+swiftui.swift */; };
		5C74AFFF52999638E65EA80D /* TonService.swift in Sources */ = {isa = PBXBuildFile; fileRef = 5C74AC4CF0484AAB8E7A5E0D /* TonService.swift */; };
		D6493BC12858CEC50037F9A0 /* ErrorView.swift in Sources */ = {isa = PBXBuildFile; fileRef = D6493BC02858CEC50037F9A0 /* ErrorView.swift */; };
		D6909DBC285493F3001B9A47 /* TransactionsFilterView.swift in Sources */ = {isa = PBXBuildFile; fileRef = D6909DBB285493F3001B9A47 /* TransactionsFilterView.swift */; };
		D6A8C450284DF19A0044F87C /* tonApp.swift in Sources */ = {isa = PBXBuildFile; fileRef = D6A8C44F284DF19A0044F87C /* tonApp.swift */; };
		D6A8C454284DF19C0044F87C /* Assets.xcassets in Resources */ = {isa = PBXBuildFile; fileRef = D6A8C453284DF19C0044F87C /* Assets.xcassets */; };
		D6A8C457284DF19C0044F87C /* Preview Assets.xcassets in Resources */ = {isa = PBXBuildFile; fileRef = D6A8C456284DF19C0044F87C /* Preview Assets.xcassets */; };
		D6A8C45F284DF1F70044F87C /* Moya in Frameworks */ = {isa = PBXBuildFile; productRef = D6A8C45E284DF1F70044F87C /* Moya */; };
		D6AA34B9284E6BDF005EC78C /* Formatters.swift in Sources */ = {isa = PBXBuildFile; fileRef = D6AA34B8284E6BDF005EC78C /* Formatters.swift */; };
		D6E7A2F12858DEE3004EA27F /* Launch Screen.storyboard in Resources */ = {isa = PBXBuildFile; fileRef = D6E7A2F02858DEE3004EA27F /* Launch Screen.storyboard */; };
		D6E7CD312853845500EBB8C2 /* AddressInfoView.swift in Sources */ = {isa = PBXBuildFile; fileRef = D6E7CD302853845400EBB8C2 /* AddressInfoView.swift */; };
		D6F59F3B28551702008BD120 /* InputAddressView.swift in Sources */ = {isa = PBXBuildFile; fileRef = D6F59F3A28551702008BD120 /* InputAddressView.swift */; };
		D6F59F4028573A2A008BD120 /* Fonts.swift in Sources */ = {isa = PBXBuildFile; fileRef = D6F59F3E28573A2A008BD120 /* Fonts.swift */; };
		D6F59F4128573A2A008BD120 /* Assets.swift in Sources */ = {isa = PBXBuildFile; fileRef = D6F59F3F28573A2A008BD120 /* Assets.swift */; };
		D6F59F4628573ED3008BD120 /* Assets+swiftui.swift in Sources */ = {isa = PBXBuildFile; fileRef = D6F59F4528573ED3008BD120 /* Assets+swiftui.swift */; };
		D6F59F4828574120008BD120 /* Colors.xcassets in Resources */ = {isa = PBXBuildFile; fileRef = D6F59F4728574120008BD120 /* Colors.xcassets */; };
		D6F59F4A2857413A008BD120 /* Images.xcassets in Resources */ = {isa = PBXBuildFile; fileRef = D6F59F492857413A008BD120 /* Images.xcassets */; };
		D6F59F4E2857A306008BD120 /* Localizable.strings in Resources */ = {isa = PBXBuildFile; fileRef = D6F59F502857A306008BD120 /* Localizable.strings */; };
		D6F59F532857A40B008BD120 /* L10n.swift in Sources */ = {isa = PBXBuildFile; fileRef = D6F59F522857A40B008BD120 /* L10n.swift */; };
		D6F59F572857A8D8008BD120 /* InputAddressComponent.swift in Sources */ = {isa = PBXBuildFile; fileRef = D6F59F562857A8D8008BD120 /* InputAddressComponent.swift */; };
		D6F59F5A2857A9D9008BD120 /* Component.swift in Sources */ = {isa = PBXBuildFile; fileRef = D6F59F592857A9D9008BD120 /* Component.swift */; };
		D6F59F5C2857A9F5008BD120 /* ServiceLocator.swift in Sources */ = {isa = PBXBuildFile; fileRef = D6F59F5B2857A9F5008BD120 /* ServiceLocator.swift */; };
		D6F59F5E2857B13F008BD120 /* InputAddressRouter.swift in Sources */ = {isa = PBXBuildFile; fileRef = D6F59F5D2857B13F008BD120 /* InputAddressRouter.swift */; };
		D6F59F602857B915008BD120 /* InputAddressError.swift in Sources */ = {isa = PBXBuildFile; fileRef = D6F59F5F2857B915008BD120 /* InputAddressError.swift */; };
		D6F59F622857B92F008BD120 /* InputAddressPresenter.swift in Sources */ = {isa = PBXBuildFile; fileRef = D6F59F612857B92F008BD120 /* InputAddressPresenter.swift */; };
		D6F59F642857BBAA008BD120 /* Router.swift in Sources */ = {isa = PBXBuildFile; fileRef = D6F59F632857BBAA008BD120 /* Router.swift */; };
		D6F59F672857BC74008BD120 /* TransactionListComponent.swift in Sources */ = {isa = PBXBuildFile; fileRef = D6F59F662857BC74008BD120 /* TransactionListComponent.swift */; };
		D6F59F6A2857BD1A008BD120 /* TransactionMapper.swift in Sources */ = {isa = PBXBuildFile; fileRef = D6F59F692857BD1A008BD120 /* TransactionMapper.swift */; };
		D6F59F6C28586CA7008BD120 /* TransactionListRouter.swift in Sources */ = {isa = PBXBuildFile; fileRef = D6F59F6B28586CA7008BD120 /* TransactionListRouter.swift */; };
		D6F59F7028587558008BD120 /* AddressInfoViewModel.swift in Sources */ = {isa = PBXBuildFile; fileRef = D6F59F6F28587557008BD120 /* AddressInfoViewModel.swift */; };
		D6F59F7528587C35008BD120 /* AddressDetailItemView.swift in Sources */ = {isa = PBXBuildFile; fileRef = D6F59F7428587C35008BD120 /* AddressDetailItemView.swift */; };
		D6F59F7828587E1B008BD120 /* AddressDetailItemViewModel.swift in Sources */ = {isa = PBXBuildFile; fileRef = D6F59F7728587E1B008BD120 /* AddressDetailItemViewModel.swift */; };
		D6F59F7A285882B4008BD120 /* MessageComponent.swift in Sources */ = {isa = PBXBuildFile; fileRef = D6F59F79285882B4008BD120 /* MessageComponent.swift */; };
		D6F59F7C285882DE008BD120 /* MessageRouter.swift in Sources */ = {isa = PBXBuildFile; fileRef = D6F59F7B285882DE008BD120 /* MessageRouter.swift */; };
		D6F59F7E28589F18008BD120 /* ListState.swift in Sources */ = {isa = PBXBuildFile; fileRef = D6F59F7D28589F18008BD120 /* ListState.swift */; };
		D6F59F802858A56F008BD120 /* TransactionID.swift in Sources */ = {isa = PBXBuildFile; fileRef = D6F59F7F2858A56F008BD120 /* TransactionID.swift */; };
		D6F59F822858A59F008BD120 /* Toncoin.swift in Sources */ = {isa = PBXBuildFile; fileRef = D6F59F812858A59F008BD120 /* Toncoin.swift */; };
/* End PBXBuildFile section */

/* Begin PBXFileReference section */
		5C74A12C8017DA76FECD697F /* TransactionListItemViewModel.swift */ = {isa = PBXFileReference; fileEncoding = 4; lastKnownFileType = sourcecode.swift; path = TransactionListItemViewModel.swift; sourceTree = "<group>"; };
		5C74A46DAF5181E14E97CC62 /* APIHeadersPlugin.swift */ = {isa = PBXFileReference; fileEncoding = 4; lastKnownFileType = sourcecode.swift; path = APIHeadersPlugin.swift; sourceTree = "<group>"; };
		5C74A65C879BD4A4E359B143 /* View+extensions.swift */ = {isa = PBXFileReference; fileEncoding = 4; lastKnownFileType = sourcecode.swift; path = "View+extensions.swift"; sourceTree = "<group>"; };
		5C74A709933C46294E9AE63A /* TransactionDetailsView.swift */ = {isa = PBXFileReference; fileEncoding = 4; lastKnownFileType = sourcecode.swift; path = TransactionDetailsView.swift; sourceTree = "<group>"; };
		5C74A728269B29F2AF6012E0 /* TransactionsListView.swift */ = {isa = PBXFileReference; fileEncoding = 4; lastKnownFileType = sourcecode.swift; path = TransactionsListView.swift; sourceTree = "<group>"; };
		5C74A7569EF9DC1E2AA0325E /* APIService.swift */ = {isa = PBXFileReference; fileEncoding = 4; lastKnownFileType = sourcecode.swift; path = APIService.swift; sourceTree = "<group>"; };
		5C74A8652D9D44807C32E7F8 /* GetAddressInfo.swift */ = {isa = PBXFileReference; fileEncoding = 4; lastKnownFileType = sourcecode.swift; path = GetAddressInfo.swift; sourceTree = "<group>"; };
		5C74A8CFCFE68A4B78E93250 /* TransactionListPresenter.swift */ = {isa = PBXFileReference; fileEncoding = 4; lastKnownFileType = sourcecode.swift; path = TransactionListPresenter.swift; sourceTree = "<group>"; };
		5C74A97F0EA22209DEE24AAB /* TransactionDetailsViewModel.swift */ = {isa = PBXFileReference; fileEncoding = 4; lastKnownFileType = sourcecode.swift; path = TransactionDetailsViewModel.swift; sourceTree = "<group>"; };
		5C74A9EA18EC90531E569596 /* Typealiases.swift */ = {isa = PBXFileReference; fileEncoding = 4; lastKnownFileType = sourcecode.swift; path = Typealiases.swift; sourceTree = "<group>"; };
		5C74AA3B0A87374F68F382E1 /* MessageViewModel.swift */ = {isa = PBXFileReference; fileEncoding = 4; lastKnownFileType = sourcecode.swift; path = MessageViewModel.swift; sourceTree = "<group>"; };
		5C74AAD83EDB293931D80D47 /* TransactionListItemView.swift */ = {isa = PBXFileReference; fileEncoding = 4; lastKnownFileType = sourcecode.swift; path = TransactionListItemView.swift; sourceTree = "<group>"; };
		5C74AADA7C6CE746FA233321 /* GetTransactions.swift */ = {isa = PBXFileReference; fileEncoding = 4; lastKnownFileType = sourcecode.swift; path = GetTransactions.swift; sourceTree = "<group>"; };
		5C74AC4CF0484AAB8E7A5E0D /* TonService.swift */ = {isa = PBXFileReference; fileEncoding = 4; lastKnownFileType = sourcecode.swift; path = TonService.swift; sourceTree = "<group>"; };
		5C74AD03E5A6BBDEC3A69648 /* MessageView.swift */ = {isa = PBXFileReference; fileEncoding = 4; lastKnownFileType = sourcecode.swift; path = MessageView.swift; sourceTree = "<group>"; };
		5C74AE58760E0A91BAE65AB9 /* Fonts+swiftui.swift */ = {isa = PBXFileReference; fileEncoding = 4; lastKnownFileType = sourcecode.swift; path = "Fonts+swiftui.swift"; sourceTree = "<group>"; };
		5C74AFCAA4B895A79C7CDB86 /* TransactionListInteractor.swift */ = {isa = PBXFileReference; fileEncoding = 4; lastKnownFileType = sourcecode.swift; path = TransactionListInteractor.swift; sourceTree = "<group>"; };
		D6493BC02858CEC50037F9A0 /* ErrorView.swift */ = {isa = PBXFileReference; lastKnownFileType = sourcecode.swift; path = ErrorView.swift; sourceTree = "<group>"; };
		D6909DBB285493F3001B9A47 /* TransactionsFilterView.swift */ = {isa = PBXFileReference; lastKnownFileType = sourcecode.swift; path = TransactionsFilterView.swift; sourceTree = "<group>"; };
		D6A8C44C284DF19A0044F87C /* ton.app */ = {isa = PBXFileReference; explicitFileType = wrapper.application; includeInIndex = 0; path = ton.app; sourceTree = BUILT_PRODUCTS_DIR; };
		D6A8C44F284DF19A0044F87C /* tonApp.swift */ = {isa = PBXFileReference; lastKnownFileType = sourcecode.swift; path = tonApp.swift; sourceTree = "<group>"; };
		D6A8C453284DF19C0044F87C /* Assets.xcassets */ = {isa = PBXFileReference; lastKnownFileType = folder.assetcatalog; path = Assets.xcassets; sourceTree = "<group>"; };
		D6A8C456284DF19C0044F87C /* Preview Assets.xcassets */ = {isa = PBXFileReference; lastKnownFileType = folder.assetcatalog; path = "Preview Assets.xcassets"; sourceTree = "<group>"; };
		D6AA34B8284E6BDF005EC78C /* Formatters.swift */ = {isa = PBXFileReference; lastKnownFileType = sourcecode.swift; path = Formatters.swift; sourceTree = "<group>"; };
		D6E7A2EE2858DE3C004EA27F /* Info.plist */ = {isa = PBXFileReference; lastKnownFileType = text.plist; path = Info.plist; sourceTree = "<group>"; };
		D6E7A2F02858DEE3004EA27F /* Launch Screen.storyboard */ = {isa = PBXFileReference; lastKnownFileType = file.storyboard; path = "Launch Screen.storyboard"; sourceTree = "<group>"; };
		D6E7CD302853845400EBB8C2 /* AddressInfoView.swift */ = {isa = PBXFileReference; lastKnownFileType = sourcecode.swift; path = AddressInfoView.swift; sourceTree = "<group>"; };
		D6F59F3A28551702008BD120 /* InputAddressView.swift */ = {isa = PBXFileReference; lastKnownFileType = sourcecode.swift; path = InputAddressView.swift; sourceTree = "<group>"; };
		D6F59F3E28573A2A008BD120 /* Fonts.swift */ = {isa = PBXFileReference; fileEncoding = 4; lastKnownFileType = sourcecode.swift; path = Fonts.swift; sourceTree = "<group>"; };
		D6F59F3F28573A2A008BD120 /* Assets.swift */ = {isa = PBXFileReference; fileEncoding = 4; lastKnownFileType = sourcecode.swift; path = Assets.swift; sourceTree = "<group>"; };
		D6F59F4528573ED3008BD120 /* Assets+swiftui.swift */ = {isa = PBXFileReference; lastKnownFileType = sourcecode.swift; path = "Assets+swiftui.swift"; sourceTree = "<group>"; };
		D6F59F4728574120008BD120 /* Colors.xcassets */ = {isa = PBXFileReference; lastKnownFileType = folder.assetcatalog; path = Colors.xcassets; sourceTree = "<group>"; };
		D6F59F492857413A008BD120 /* Images.xcassets */ = {isa = PBXFileReference; lastKnownFileType = folder.assetcatalog; path = Images.xcassets; sourceTree = "<group>"; };
		D6F59F4F2857A306008BD120 /* en */ = {isa = PBXFileReference; lastKnownFileType = text.plist.strings; name = en; path = en.lproj/Localizable.strings; sourceTree = "<group>"; };
		D6F59F512857A309008BD120 /* ru */ = {isa = PBXFileReference; lastKnownFileType = text.plist.strings; name = ru; path = ru.lproj/Localizable.strings; sourceTree = "<group>"; };
		D6F59F522857A40B008BD120 /* L10n.swift */ = {isa = PBXFileReference; fileEncoding = 4; lastKnownFileType = sourcecode.swift; path = L10n.swift; sourceTree = "<group>"; };
		D6F59F562857A8D8008BD120 /* InputAddressComponent.swift */ = {isa = PBXFileReference; lastKnownFileType = sourcecode.swift; path = InputAddressComponent.swift; sourceTree = "<group>"; };
		D6F59F592857A9D9008BD120 /* Component.swift */ = {isa = PBXFileReference; lastKnownFileType = sourcecode.swift; path = Component.swift; sourceTree = "<group>"; };
		D6F59F5B2857A9F5008BD120 /* ServiceLocator.swift */ = {isa = PBXFileReference; lastKnownFileType = sourcecode.swift; path = ServiceLocator.swift; sourceTree = "<group>"; };
		D6F59F5D2857B13F008BD120 /* InputAddressRouter.swift */ = {isa = PBXFileReference; lastKnownFileType = sourcecode.swift; path = InputAddressRouter.swift; sourceTree = "<group>"; };
		D6F59F5F2857B915008BD120 /* InputAddressError.swift */ = {isa = PBXFileReference; lastKnownFileType = sourcecode.swift; path = InputAddressError.swift; sourceTree = "<group>"; };
		D6F59F612857B92F008BD120 /* InputAddressPresenter.swift */ = {isa = PBXFileReference; lastKnownFileType = sourcecode.swift; path = InputAddressPresenter.swift; sourceTree = "<group>"; };
		D6F59F632857BBAA008BD120 /* Router.swift */ = {isa = PBXFileReference; lastKnownFileType = sourcecode.swift; path = Router.swift; sourceTree = "<group>"; };
		D6F59F662857BC74008BD120 /* TransactionListComponent.swift */ = {isa = PBXFileReference; lastKnownFileType = sourcecode.swift; path = TransactionListComponent.swift; sourceTree = "<group>"; };
		D6F59F692857BD1A008BD120 /* TransactionMapper.swift */ = {isa = PBXFileReference; lastKnownFileType = sourcecode.swift; path = TransactionMapper.swift; sourceTree = "<group>"; };
		D6F59F6B28586CA7008BD120 /* TransactionListRouter.swift */ = {isa = PBXFileReference; lastKnownFileType = sourcecode.swift; path = TransactionListRouter.swift; sourceTree = "<group>"; };
		D6F59F6F28587557008BD120 /* AddressInfoViewModel.swift */ = {isa = PBXFileReference; lastKnownFileType = sourcecode.swift; path = AddressInfoViewModel.swift; sourceTree = "<group>"; };
		D6F59F7428587C35008BD120 /* AddressDetailItemView.swift */ = {isa = PBXFileReference; lastKnownFileType = sourcecode.swift; path = AddressDetailItemView.swift; sourceTree = "<group>"; };
		D6F59F7728587E1B008BD120 /* AddressDetailItemViewModel.swift */ = {isa = PBXFileReference; lastKnownFileType = sourcecode.swift; path = AddressDetailItemViewModel.swift; sourceTree = "<group>"; };
		D6F59F79285882B4008BD120 /* MessageComponent.swift */ = {isa = PBXFileReference; lastKnownFileType = sourcecode.swift; path = MessageComponent.swift; sourceTree = "<group>"; };
		D6F59F7B285882DE008BD120 /* MessageRouter.swift */ = {isa = PBXFileReference; lastKnownFileType = sourcecode.swift; path = MessageRouter.swift; sourceTree = "<group>"; };
		D6F59F7D28589F18008BD120 /* ListState.swift */ = {isa = PBXFileReference; lastKnownFileType = sourcecode.swift; path = ListState.swift; sourceTree = "<group>"; };
		D6F59F7F2858A56F008BD120 /* TransactionID.swift */ = {isa = PBXFileReference; lastKnownFileType = sourcecode.swift; path = TransactionID.swift; sourceTree = "<group>"; };
		D6F59F812858A59F008BD120 /* Toncoin.swift */ = {isa = PBXFileReference; lastKnownFileType = sourcecode.swift; path = Toncoin.swift; sourceTree = "<group>"; };
/* End PBXFileReference section */

/* Begin PBXFrameworksBuildPhase section */
		D6A8C449284DF19A0044F87C /* Frameworks */ = {
			isa = PBXFrameworksBuildPhase;
			buildActionMask = 2147483647;
			files = (
				D6A8C45F284DF1F70044F87C /* Moya in Frameworks */,
			);
			runOnlyForDeploymentPostprocessing = 0;
		};
/* End PBXFrameworksBuildPhase section */

/* Begin PBXGroup section */
		5C74A3F336E88FA7AEE9470C /* Message */ = {
			isa = PBXGroup;
			children = (
				5C74AA3B0A87374F68F382E1 /* MessageViewModel.swift */,
				5C74AD03E5A6BBDEC3A69648 /* MessageView.swift */,
				D6F59F79285882B4008BD120 /* MessageComponent.swift */,
				D6F59F7B285882DE008BD120 /* MessageRouter.swift */,
			);
			path = Message;
			sourceTree = "<group>";
		};
		5C74A61D933FCDA2E8BBC4E7 /* APIService */ = {
			isa = PBXGroup;
			children = (
				5C74A8ACFCFC16028B25015C /* Models */,
				5C74A7569EF9DC1E2AA0325E /* APIService.swift */,
				5C74AC4CF0484AAB8E7A5E0D /* TonService.swift */,
				5C74A46DAF5181E14E97CC62 /* APIHeadersPlugin.swift */,
			);
			path = APIService;
			sourceTree = "<group>";
		};
		5C74A8ACFCFC16028B25015C /* Models */ = {
			isa = PBXGroup;
			children = (
				5C74A8652D9D44807C32E7F8 /* GetAddressInfo.swift */,
				5C74AADA7C6CE746FA233321 /* GetTransactions.swift */,
				D6F59F7F2858A56F008BD120 /* TransactionID.swift */,
				D6F59F812858A59F008BD120 /* Toncoin.swift */,
			);
			path = Models;
			sourceTree = "<group>";
		};
		5C74AA575D3741198786DB14 /* Widgets */ = {
			isa = PBXGroup;
			children = (
				5C74A65C879BD4A4E359B143 /* View+extensions.swift */,
				D6493BC02858CEC50037F9A0 /* ErrorView.swift */,
			);
			path = Widgets;
			sourceTree = "<group>";
		};
		5C74AF75BDDEA353068D32F8 /* Helpers */ = {
			isa = PBXGroup;
			children = (
				5C74AE58760E0A91BAE65AB9 /* Fonts+swiftui.swift */,
				D6F59F4528573ED3008BD120 /* Assets+swiftui.swift */,
			);
			path = Helpers;
			sourceTree = "<group>";
		};
		D6A8C443284DF19A0044F87C = {
			isa = PBXGroup;
			children = (
				D6A8C44E284DF19A0044F87C /* ton */,
				D6A8C44D284DF19A0044F87C /* Products */,
			);
			sourceTree = "<group>";
		};
		D6A8C44D284DF19A0044F87C /* Products */ = {
			isa = PBXGroup;
			children = (
				D6A8C44C284DF19A0044F87C /* ton.app */,
			);
			name = Products;
			sourceTree = "<group>";
		};
		D6A8C44E284DF19A0044F87C /* ton */ = {
			isa = PBXGroup;
			children = (
				D6E7A2EE2858DE3C004EA27F /* Info.plist */,
				D6F59F3C2857393E008BD120 /* Resources */,
				D6A8C460284DF2040044F87C /* Sources */,
				D6A8C44F284DF19A0044F87C /* tonApp.swift */,
				D6A8C455284DF19C0044F87C /* Preview Content */,
			);
			path = ton;
			sourceTree = "<group>";
		};
		D6A8C455284DF19C0044F87C /* Preview Content */ = {
			isa = PBXGroup;
			children = (
				D6A8C456284DF19C0044F87C /* Preview Assets.xcassets */,
			);
			path = "Preview Content";
			sourceTree = "<group>";
		};
		D6A8C460284DF2040044F87C /* Sources */ = {
			isa = PBXGroup;
			children = (
				D6F59F542857A8C0008BD120 /* Components */,
				D6AA34B7284E6BD4005EC78C /* Tools */,
				D6A8C461284DF20A0044F87C /* Services */,
				5C74AA575D3741198786DB14 /* Widgets */,
			);
			path = Sources;
			sourceTree = "<group>";
		};
		D6A8C461284DF20A0044F87C /* Services */ = {
			isa = PBXGroup;
			children = (
				5C74A61D933FCDA2E8BBC4E7 /* APIService */,
				D6F59F5B2857A9F5008BD120 /* ServiceLocator.swift */,
			);
			path = Services;
			sourceTree = "<group>";
		};
		D6AA34B7284E6BD4005EC78C /* Tools */ = {
			isa = PBXGroup;
			children = (
				D6AA34B8284E6BDF005EC78C /* Formatters.swift */,
				5C74A9EA18EC90531E569596 /* Typealiases.swift */,
			);
			path = Tools;
			sourceTree = "<group>";
		};
		D6E7A2EF2858DED1004EA27F /* Storyboard */ = {
			isa = PBXGroup;
			children = (
				D6E7A2F02858DEE3004EA27F /* Launch Screen.storyboard */,
			);
			path = Storyboard;
			sourceTree = "<group>";
		};
		D6F59F3C2857393E008BD120 /* Resources */ = {
			isa = PBXGroup;
			children = (
				D6E7A2EF2858DED1004EA27F /* Storyboard */,
				D6F59F4B2857A219008BD120 /* Localization */,
				D6F59F3D285739E7008BD120 /* Generated */,
				D6A8C453284DF19C0044F87C /* Assets.xcassets */,
				5C74AF75BDDEA353068D32F8 /* Helpers */,
				D6F59F4728574120008BD120 /* Colors.xcassets */,
				D6F59F492857413A008BD120 /* Images.xcassets */,
			);
			path = Resources;
			sourceTree = "<group>";
		};
		D6F59F3D285739E7008BD120 /* Generated */ = {
			isa = PBXGroup;
			children = (
				D6F59F522857A40B008BD120 /* L10n.swift */,
				D6F59F3F28573A2A008BD120 /* Assets.swift */,
				D6F59F3E28573A2A008BD120 /* Fonts.swift */,
			);
			path = Generated;
			sourceTree = "<group>";
		};
		D6F59F4B2857A219008BD120 /* Localization */ = {
			isa = PBXGroup;
			children = (
				D6F59F502857A306008BD120 /* Localizable.strings */,
			);
			path = Localization;
			sourceTree = "<group>";
		};
		D6F59F542857A8C0008BD120 /* Components */ = {
			isa = PBXGroup;
			children = (
				D6F59F7128587B6C008BD120 /* Transaction */,
				D6F59F582857A9CF008BD120 /* Base */,
				D6F59F552857A8C7008BD120 /* InputAddress */,
			);
			path = Components;
			sourceTree = "<group>";
		};
		D6F59F552857A8C7008BD120 /* InputAddress */ = {
			isa = PBXGroup;
			children = (
				D6F59F3A28551702008BD120 /* InputAddressView.swift */,
				D6F59F562857A8D8008BD120 /* InputAddressComponent.swift */,
				D6F59F5D2857B13F008BD120 /* InputAddressRouter.swift */,
				D6F59F5F2857B915008BD120 /* InputAddressError.swift */,
				D6F59F612857B92F008BD120 /* InputAddressPresenter.swift */,
			);
			path = InputAddress;
			sourceTree = "<group>";
		};
		D6F59F582857A9CF008BD120 /* Base */ = {
			isa = PBXGroup;
			children = (
				D6F59F592857A9D9008BD120 /* Component.swift */,
				D6F59F632857BBAA008BD120 /* Router.swift */,
				D6F59F7D28589F18008BD120 /* ListState.swift */,
			);
			path = Base;
			sourceTree = "<group>";
		};
		D6F59F652857BC4B008BD120 /* List */ = {
			isa = PBXGroup;
			children = (
				D6F59F6E28587544008BD120 /* ViewModels */,
				D6F59F6D28587537008BD120 /* Views */,
				D6F59F682857BD0E008BD120 /* Helper */,
				5C74A8CFCFE68A4B78E93250 /* TransactionListPresenter.swift */,
				D6F59F662857BC74008BD120 /* TransactionListComponent.swift */,
				D6F59F6B28586CA7008BD120 /* TransactionListRouter.swift */,
				5C74A728269B29F2AF6012E0 /* TransactionsListView.swift */,
				5C74AFCAA4B895A79C7CDB86 /* TransactionListInteractor.swift */,
			);
			path = List;
			sourceTree = "<group>";
		};
		D6F59F682857BD0E008BD120 /* Helper */ = {
			isa = PBXGroup;
			children = (
				D6F59F692857BD1A008BD120 /* TransactionMapper.swift */,
			);
			path = Helper;
			sourceTree = "<group>";
		};
		D6F59F6D28587537008BD120 /* Views */ = {
			isa = PBXGroup;
			children = (
				D6909DBB285493F3001B9A47 /* TransactionsFilterView.swift */,
				D6E7CD302853845400EBB8C2 /* AddressInfoView.swift */,
				5C74AAD83EDB293931D80D47 /* TransactionListItemView.swift */,
			);
			path = Views;
			sourceTree = "<group>";
		};
		D6F59F6E28587544008BD120 /* ViewModels */ = {
			isa = PBXGroup;
			children = (
				5C74A12C8017DA76FECD697F /* TransactionListItemViewModel.swift */,
				D6F59F6F28587557008BD120 /* AddressInfoViewModel.swift */,
			);
			path = ViewModels;
			sourceTree = "<group>";
		};
		D6F59F7128587B6C008BD120 /* Transaction */ = {
			isa = PBXGroup;
			children = (
				D6F59F7228587B78008BD120 /* Detail */,
				D6F59F652857BC4B008BD120 /* List */,
			);
			path = Transaction;
			sourceTree = "<group>";
		};
		D6F59F7228587B78008BD120 /* Detail */ = {
			isa = PBXGroup;
			children = (
				D6F59F7628587E11008BD120 /* ViewModels */,
				D6F59F7328587C24008BD120 /* Views */,
				5C74A3F336E88FA7AEE9470C /* Message */,
				5C74A709933C46294E9AE63A /* TransactionDetailsView.swift */,
				5C74A97F0EA22209DEE24AAB /* TransactionDetailsViewModel.swift */,
			);
			path = Detail;
			sourceTree = "<group>";
		};
		D6F59F7328587C24008BD120 /* Views */ = {
			isa = PBXGroup;
			children = (
				D6F59F7428587C35008BD120 /* AddressDetailItemView.swift */,
			);
			path = Views;
			sourceTree = "<group>";
		};
		D6F59F7628587E11008BD120 /* ViewModels */ = {
			isa = PBXGroup;
			children = (
				D6F59F7728587E1B008BD120 /* AddressDetailItemViewModel.swift */,
			);
			path = ViewModels;
			sourceTree = "<group>";
		};
/* End PBXGroup section */

/* Begin PBXNativeTarget section */
		D6A8C44B284DF19A0044F87C /* ton */ = {
			isa = PBXNativeTarget;
			buildConfigurationList = D6A8C45A284DF19C0044F87C /* Build configuration list for PBXNativeTarget "ton" */;
			buildPhases = (
				D6A8C448284DF19A0044F87C /* Sources */,
				D6A8C449284DF19A0044F87C /* Frameworks */,
				D6A8C44A284DF19A0044F87C /* Resources */,
			);
			buildRules = (
			);
			dependencies = (
			);
			name = ton;
			packageProductDependencies = (
				D6A8C45E284DF1F70044F87C /* Moya */,
			);
			productName = ton;
			productReference = D6A8C44C284DF19A0044F87C /* ton.app */;
			productType = "com.apple.product-type.application";
		};
/* End PBXNativeTarget section */

/* Begin PBXProject section */
		D6A8C444284DF19A0044F87C /* Project object */ = {
			isa = PBXProject;
			attributes = {
				BuildIndependentTargetsInParallel = 1;
				LastSwiftUpdateCheck = 1340;
				LastUpgradeCheck = 1340;
				TargetAttributes = {
					D6A8C44B284DF19A0044F87C = {
						CreatedOnToolsVersion = 13.4;
					};
				};
			};
			buildConfigurationList = D6A8C447284DF19A0044F87C /* Build configuration list for PBXProject "ton" */;
			compatibilityVersion = "Xcode 13.0";
			developmentRegion = en;
			hasScannedForEncodings = 0;
			knownRegions = (
				en,
				Base,
				ru,
			);
			mainGroup = D6A8C443284DF19A0044F87C;
			packageReferences = (
				D6A8C45D284DF1F70044F87C /* XCRemoteSwiftPackageReference "Moya" */,
			);
			productRefGroup = D6A8C44D284DF19A0044F87C /* Products */;
			projectDirPath = "";
			projectRoot = "";
			targets = (
				D6A8C44B284DF19A0044F87C /* ton */,
			);
		};
/* End PBXProject section */

/* Begin PBXResourcesBuildPhase section */
		D6A8C44A284DF19A0044F87C /* Resources */ = {
			isa = PBXResourcesBuildPhase;
			buildActionMask = 2147483647;
			files = (
				D6E7A2F12858DEE3004EA27F /* Launch Screen.storyboard in Resources */,
				D6F59F4E2857A306008BD120 /* Localizable.strings in Resources */,
				D6F59F4828574120008BD120 /* Colors.xcassets in Resources */,
				D6F59F4A2857413A008BD120 /* Images.xcassets in Resources */,
				D6A8C457284DF19C0044F87C /* Preview Assets.xcassets in Resources */,
				D6A8C454284DF19C0044F87C /* Assets.xcassets in Resources */,
			);
			runOnlyForDeploymentPostprocessing = 0;
		};
/* End PBXResourcesBuildPhase section */

/* Begin PBXSourcesBuildPhase section */
		D6A8C448284DF19A0044F87C /* Sources */ = {
			isa = PBXSourcesBuildPhase;
			buildActionMask = 2147483647;
			files = (
				D6A8C450284DF19A0044F87C /* tonApp.swift in Sources */,
				D6F59F4128573A2A008BD120 /* Assets.swift in Sources */,
				D6F59F7E28589F18008BD120 /* ListState.swift in Sources */,
				5C74A5DBB74AAE7B25553085 /* GetAddressInfo.swift in Sources */,
				D6F59F4628573ED3008BD120 /* Assets+swiftui.swift in Sources */,
				D6F59F5E2857B13F008BD120 /* InputAddressRouter.swift in Sources */,
				5C74A4CBD3B0DDC84A5011C7 /* GetTransactions.swift in Sources */,
				D6F59F5C2857A9F5008BD120 /* ServiceLocator.swift in Sources */,
				5C74AB50B7B934A77F7E960F /* APIService.swift in Sources */,
				D6F59F7528587C35008BD120 /* AddressDetailItemView.swift in Sources */,
				D6F59F6C28586CA7008BD120 /* TransactionListRouter.swift in Sources */,
				5C74AFFF52999638E65EA80D /* TonService.swift in Sources */,
				D6493BC12858CEC50037F9A0 /* ErrorView.swift in Sources */,
				D6F59F642857BBAA008BD120 /* Router.swift in Sources */,
				D6AA34B9284E6BDF005EC78C /* Formatters.swift in Sources */,
				5C74A06D95890CD7952EE481 /* View+extensions.swift in Sources */,
				D6F59F6A2857BD1A008BD120 /* TransactionMapper.swift in Sources */,
				5C74A3156DF9A84A154CFF0A /* Typealiases.swift in Sources */,
				D6F59F532857A40B008BD120 /* L10n.swift in Sources */,
				D6F59F672857BC74008BD120 /* TransactionListComponent.swift in Sources */,
				D6F59F622857B92F008BD120 /* InputAddressPresenter.swift in Sources */,
				D6F59F4028573A2A008BD120 /* Fonts.swift in Sources */,
				5C74A6215EE966E893AAFEFC /* MessageViewModel.swift in Sources */,
				D6F59F572857A8D8008BD120 /* InputAddressComponent.swift in Sources */,
				D6F59F7028587558008BD120 /* AddressInfoViewModel.swift in Sources */,
				D6F59F602857B915008BD120 /* InputAddressError.swift in Sources */,
				5C74A6DEEA4890118DD530FA /* MessageView.swift in Sources */,
				D6F59F822858A59F008BD120 /* Toncoin.swift in Sources */,
				5C74A79958426B6A104DCA1C /* TransactionsListView.swift in Sources */,
				D6F59F5A2857A9D9008BD120 /* Component.swift in Sources */,
				D6F59F7A285882B4008BD120 /* MessageComponent.swift in Sources */,
				5C74A3A89C74CF340820D46C /* TransactionListItemViewModel.swift in Sources */,
				D6F59F7828587E1B008BD120 /* AddressDetailItemViewModel.swift in Sources */,
				5C74A40C5B7683EA69652798 /* TransactionListItemView.swift in Sources */,
				D6F59F802858A56F008BD120 /* TransactionID.swift in Sources */,
				D6E7CD312853845500EBB8C2 /* AddressInfoView.swift in Sources */,
				D6909DBC285493F3001B9A47 /* TransactionsFilterView.swift in Sources */,
				5C74A8D90D1C048396C02EB5 /* TransactionListPresenter.swift in Sources */,
				D6F59F7C285882DE008BD120 /* MessageRouter.swift in Sources */,
				D6F59F3B28551702008BD120 /* InputAddressView.swift in Sources */,
				5C74A672EA7B5AB0BD25E2FC /* TransactionDetailsView.swift in Sources */,
				5C74A8EEF25CEF70D7C78F5F /* TransactionDetailsViewModel.swift in Sources */,
				5C74A624E6D1316FAD9A8240 /* APIHeadersPlugin.swift in Sources */,
				5C74ACA21CDBC39299FC0F22 /* Fonts+swiftui.swift in Sources */,
				5C74A068E7F6180F4E881881 /* TransactionListInteractor.swift in Sources */,
			);
			runOnlyForDeploymentPostprocessing = 0;
		};
/* End PBXSourcesBuildPhase section */

/* Begin PBXVariantGroup section */
		D6F59F502857A306008BD120 /* Localizable.strings */ = {
			isa = PBXVariantGroup;
			children = (
				D6F59F4F2857A306008BD120 /* en */,
				D6F59F512857A309008BD120 /* ru */,
			);
			name = Localizable.strings;
			sourceTree = "<group>";
		};
/* End PBXVariantGroup section */

/* Begin XCBuildConfiguration section */
		D6A8C458284DF19C0044F87C /* Debug */ = {
			isa = XCBuildConfiguration;
			buildSettings = {
				ALWAYS_SEARCH_USER_PATHS = NO;
				CLANG_ANALYZER_LOCALIZABILITY_NONLOCALIZED = YES;
				CLANG_ANALYZER_NONNULL = YES;
				CLANG_ANALYZER_NUMBER_OBJECT_CONVERSION = YES_AGGRESSIVE;
				CLANG_CXX_LANGUAGE_STANDARD = "gnu++17";
				CLANG_ENABLE_MODULES = YES;
				CLANG_ENABLE_OBJC_ARC = YES;
				CLANG_ENABLE_OBJC_WEAK = YES;
				CLANG_WARN_BLOCK_CAPTURE_AUTORELEASING = YES;
				CLANG_WARN_BOOL_CONVERSION = YES;
				CLANG_WARN_COMMA = YES;
				CLANG_WARN_CONSTANT_CONVERSION = YES;
				CLANG_WARN_DEPRECATED_OBJC_IMPLEMENTATIONS = YES;
				CLANG_WARN_DIRECT_OBJC_ISA_USAGE = YES_ERROR;
				CLANG_WARN_DOCUMENTATION_COMMENTS = YES;
				CLANG_WARN_EMPTY_BODY = YES;
				CLANG_WARN_ENUM_CONVERSION = YES;
				CLANG_WARN_INFINITE_RECURSION = YES;
				CLANG_WARN_INT_CONVERSION = YES;
				CLANG_WARN_NON_LITERAL_NULL_CONVERSION = YES;
				CLANG_WARN_OBJC_IMPLICIT_RETAIN_SELF = YES;
				CLANG_WARN_OBJC_LITERAL_CONVERSION = YES;
				CLANG_WARN_OBJC_ROOT_CLASS = YES_ERROR;
				CLANG_WARN_QUOTED_INCLUDE_IN_FRAMEWORK_HEADER = YES;
				CLANG_WARN_RANGE_LOOP_ANALYSIS = YES;
				CLANG_WARN_STRICT_PROTOTYPES = YES;
				CLANG_WARN_SUSPICIOUS_MOVE = YES;
				CLANG_WARN_UNGUARDED_AVAILABILITY = YES_AGGRESSIVE;
				CLANG_WARN_UNREACHABLE_CODE = YES;
				CLANG_WARN__DUPLICATE_METHOD_MATCH = YES;
				COPY_PHASE_STRIP = NO;
				DEBUG_INFORMATION_FORMAT = dwarf;
				ENABLE_STRICT_OBJC_MSGSEND = YES;
				ENABLE_TESTABILITY = YES;
				GCC_C_LANGUAGE_STANDARD = gnu11;
				GCC_DYNAMIC_NO_PIC = NO;
				GCC_NO_COMMON_BLOCKS = YES;
				GCC_OPTIMIZATION_LEVEL = 0;
				GCC_PREPROCESSOR_DEFINITIONS = (
					"DEBUG=1",
					"$(inherited)",
				);
				GCC_WARN_64_TO_32_BIT_CONVERSION = YES;
				GCC_WARN_ABOUT_RETURN_TYPE = YES_ERROR;
				GCC_WARN_UNDECLARED_SELECTOR = YES;
				GCC_WARN_UNINITIALIZED_AUTOS = YES_AGGRESSIVE;
				GCC_WARN_UNUSED_FUNCTION = YES;
				GCC_WARN_UNUSED_VARIABLE = YES;
				IPHONEOS_DEPLOYMENT_TARGET = 15.1;
				MTL_ENABLE_DEBUG_INFO = INCLUDE_SOURCE;
				MTL_FAST_MATH = YES;
				ONLY_ACTIVE_ARCH = YES;
				SDKROOT = iphoneos;
				SWIFT_ACTIVE_COMPILATION_CONDITIONS = DEBUG;
				SWIFT_OPTIMIZATION_LEVEL = "-Onone";
			};
			name = Debug;
		};
		D6A8C459284DF19C0044F87C /* Release */ = {
			isa = XCBuildConfiguration;
			buildSettings = {
				ALWAYS_SEARCH_USER_PATHS = NO;
				CLANG_ANALYZER_LOCALIZABILITY_NONLOCALIZED = YES;
				CLANG_ANALYZER_NONNULL = YES;
				CLANG_ANALYZER_NUMBER_OBJECT_CONVERSION = YES_AGGRESSIVE;
				CLANG_CXX_LANGUAGE_STANDARD = "gnu++17";
				CLANG_ENABLE_MODULES = YES;
				CLANG_ENABLE_OBJC_ARC = YES;
				CLANG_ENABLE_OBJC_WEAK = YES;
				CLANG_WARN_BLOCK_CAPTURE_AUTORELEASING = YES;
				CLANG_WARN_BOOL_CONVERSION = YES;
				CLANG_WARN_COMMA = YES;
				CLANG_WARN_CONSTANT_CONVERSION = YES;
				CLANG_WARN_DEPRECATED_OBJC_IMPLEMENTATIONS = YES;
				CLANG_WARN_DIRECT_OBJC_ISA_USAGE = YES_ERROR;
				CLANG_WARN_DOCUMENTATION_COMMENTS = YES;
				CLANG_WARN_EMPTY_BODY = YES;
				CLANG_WARN_ENUM_CONVERSION = YES;
				CLANG_WARN_INFINITE_RECURSION = YES;
				CLANG_WARN_INT_CONVERSION = YES;
				CLANG_WARN_NON_LITERAL_NULL_CONVERSION = YES;
				CLANG_WARN_OBJC_IMPLICIT_RETAIN_SELF = YES;
				CLANG_WARN_OBJC_LITERAL_CONVERSION = YES;
				CLANG_WARN_OBJC_ROOT_CLASS = YES_ERROR;
				CLANG_WARN_QUOTED_INCLUDE_IN_FRAMEWORK_HEADER = YES;
				CLANG_WARN_RANGE_LOOP_ANALYSIS = YES;
				CLANG_WARN_STRICT_PROTOTYPES = YES;
				CLANG_WARN_SUSPICIOUS_MOVE = YES;
				CLANG_WARN_UNGUARDED_AVAILABILITY = YES_AGGRESSIVE;
				CLANG_WARN_UNREACHABLE_CODE = YES;
				CLANG_WARN__DUPLICATE_METHOD_MATCH = YES;
				COPY_PHASE_STRIP = NO;
				DEBUG_INFORMATION_FORMAT = "dwarf-with-dsym";
				ENABLE_NS_ASSERTIONS = NO;
				ENABLE_STRICT_OBJC_MSGSEND = YES;
				GCC_C_LANGUAGE_STANDARD = gnu11;
				GCC_NO_COMMON_BLOCKS = YES;
				GCC_WARN_64_TO_32_BIT_CONVERSION = YES;
				GCC_WARN_ABOUT_RETURN_TYPE = YES_ERROR;
				GCC_WARN_UNDECLARED_SELECTOR = YES;
				GCC_WARN_UNINITIALIZED_AUTOS = YES_AGGRESSIVE;
				GCC_WARN_UNUSED_FUNCTION = YES;
				GCC_WARN_UNUSED_VARIABLE = YES;
				IPHONEOS_DEPLOYMENT_TARGET = 15.1;
				MTL_ENABLE_DEBUG_INFO = NO;
				MTL_FAST_MATH = YES;
				SDKROOT = iphoneos;
				SWIFT_COMPILATION_MODE = wholemodule;
				SWIFT_OPTIMIZATION_LEVEL = "-O";
				VALIDATE_PRODUCT = YES;
			};
			name = Release;
		};
		D6A8C45B284DF19C0044F87C /* Debug */ = {
			isa = XCBuildConfiguration;
			buildSettings = {
				ASSETCATALOG_COMPILER_APPICON_NAME = AppIcon;
				ASSETCATALOG_COMPILER_GLOBAL_ACCENT_COLOR_NAME = AccentColor;
				CODE_SIGN_STYLE = Automatic;
				CURRENT_PROJECT_VERSION = 1;
				DEVELOPMENT_ASSET_PATHS = "\"ton/Preview Content\"";
				DEVELOPMENT_TEAM = 6K27QW9MU8;
				ENABLE_PREVIEWS = YES;
				GENERATE_INFOPLIST_FILE = YES;
				INFOPLIST_FILE = ton/Info.plist;
				INFOPLIST_KEY_CFBundleDisplayName = "TON Transactions";
				INFOPLIST_KEY_UIApplicationSceneManifest_Generation = YES;
				INFOPLIST_KEY_UIApplicationSupportsIndirectInputEvents = YES;
				INFOPLIST_KEY_UILaunchStoryboardName = "Launch Screen";
				INFOPLIST_KEY_UISupportedInterfaceOrientations = UIInterfaceOrientationPortrait;
				INFOPLIST_KEY_UISupportedInterfaceOrientations_iPad = "UIInterfaceOrientationPortrait UIInterfaceOrientationPortraitUpsideDown UIInterfaceOrientationLandscapeLeft UIInterfaceOrientationLandscapeRight";
				INFOPLIST_KEY_UISupportedInterfaceOrientations_iPhone = "UIInterfaceOrientationPortrait UIInterfaceOrientationLandscapeLeft UIInterfaceOrientationLandscapeRight";
				LD_RUNPATH_SEARCH_PATHS = (
					"$(inherited)",
					"@executable_path/Frameworks",
				);
				MARKETING_VERSION = 1.0;
				PRODUCT_BUNDLE_IDENTIFIER = space.dmitrii.ton;
				PRODUCT_NAME = "$(TARGET_NAME)";
				SWIFT_EMIT_LOC_STRINGS = YES;
				SWIFT_VERSION = 5.0;
				TARGETED_DEVICE_FAMILY = 1;
			};
			name = Debug;
		};
		D6A8C45C284DF19C0044F87C /* Release */ = {
			isa = XCBuildConfiguration;
			buildSettings = {
				ASSETCATALOG_COMPILER_APPICON_NAME = AppIcon;
				ASSETCATALOG_COMPILER_GLOBAL_ACCENT_COLOR_NAME = AccentColor;
				CODE_SIGN_STYLE = Automatic;
				CURRENT_PROJECT_VERSION = 1;
				DEVELOPMENT_ASSET_PATHS = "\"ton/Preview Content\"";
				DEVELOPMENT_TEAM = 6K27QW9MU8;
				ENABLE_PREVIEWS = YES;
				GENERATE_INFOPLIST_FILE = YES;
				INFOPLIST_FILE = ton/Info.plist;
				INFOPLIST_KEY_CFBundleDisplayName = "TON Transactions";
				INFOPLIST_KEY_UIApplicationSceneManifest_Generation = YES;
				INFOPLIST_KEY_UIApplicationSupportsIndirectInputEvents = YES;
				INFOPLIST_KEY_UILaunchStoryboardName = "Launch Screen";
				INFOPLIST_KEY_UISupportedInterfaceOrientations = UIInterfaceOrientationPortrait;
				INFOPLIST_KEY_UISupportedInterfaceOrientations_iPad = "UIInterfaceOrientationPortrait UIInterfaceOrientationPortraitUpsideDown UIInterfaceOrientationLandscapeLeft UIInterfaceOrientationLandscapeRight";
				INFOPLIST_KEY_UISupportedInterfaceOrientations_iPhone = "UIInterfaceOrientationPortrait UIInterfaceOrientationLandscapeLeft UIInterfaceOrientationLandscapeRight";
				LD_RUNPATH_SEARCH_PATHS = (
					"$(inherited)",
					"@executable_path/Frameworks",
				);
				MARKETING_VERSION = 1.0;
				PRODUCT_BUNDLE_IDENTIFIER = space.dmitrii.ton;
				PRODUCT_NAME = "$(TARGET_NAME)";
				SWIFT_EMIT_LOC_STRINGS = YES;
				SWIFT_VERSION = 5.0;
				TARGETED_DEVICE_FAMILY = 1;
			};
			name = Release;
		};
/* End XCBuildConfiguration section */

/* Begin XCConfigurationList section */
		D6A8C447284DF19A0044F87C /* Build configuration list for PBXProject "ton" */ = {
			isa = XCConfigurationList;
			buildConfigurations = (
				D6A8C458284DF19C0044F87C /* Debug */,
				D6A8C459284DF19C0044F87C /* Release */,
			);
			defaultConfigurationIsVisible = 0;
			defaultConfigurationName = Release;
		};
		D6A8C45A284DF19C0044F87C /* Build configuration list for PBXNativeTarget "ton" */ = {
			isa = XCConfigurationList;
			buildConfigurations = (
				D6A8C45B284DF19C0044F87C /* Debug */,
				D6A8C45C284DF19C0044F87C /* Release */,
			);
			defaultConfigurationIsVisible = 0;
			defaultConfigurationName = Release;
		};
/* End XCConfigurationList section */

/* Begin XCRemoteSwiftPackageReference section */
		D6A8C45D284DF1F70044F87C /* XCRemoteSwiftPackageReference "Moya" */ = {
			isa = XCRemoteSwiftPackageReference;
			repositoryURL = "https://github.com/Moya/Moya";
			requirement = {
				kind = upToNextMajorVersion;
				minimumVersion = 15.0.0;
			};
		};
/* End XCRemoteSwiftPackageReference section */

/* Begin XCSwiftPackageProductDependency section */
		D6A8C45E284DF1F70044F87C /* Moya */ = {
			isa = XCSwiftPackageProductDependency;
			package = D6A8C45D284DF1F70044F87C /* XCRemoteSwiftPackageReference "Moya" */;
			productName = Moya;
		};
/* End XCSwiftPackageProductDependency section */
	};
	rootObject = D6A8C444284DF19A0044F87C /* Project object */;
}
